// !$*UTF8*$!
{
	archiveVersion = 1;
	classes = {
	};
	objectVersion = 48;
	objects = {

/* Begin PBXBuildFile section */
		3B251D6D1FE00DA00031763E /* MainViewModel.swift in Sources */ = {isa = PBXBuildFile; fileRef = 3B251D6C1FE00DA00031763E /* MainViewModel.swift */; };
		3B251D6F1FE00DCF0031763E /* NewsViewModel.swift in Sources */ = {isa = PBXBuildFile; fileRef = 3B251D6E1FE00DCF0031763E /* NewsViewModel.swift */; };
		3B251D711FE00E0D0031763E /* NewsCell.swift in Sources */ = {isa = PBXBuildFile; fileRef = 3B251D701FE00E0D0031763E /* NewsCell.swift */; };
		3B251D741FE0102C0031763E /* UIViewController.swift in Sources */ = {isa = PBXBuildFile; fileRef = 3B251D731FE0102C0031763E /* UIViewController.swift */; };
		3B3F40451FDF5BBC00A2C324 /* News+CoreDataClass.swift in Sources */ = {isa = PBXBuildFile; fileRef = 3B3F40431FDF5BBC00A2C324 /* News+CoreDataClass.swift */; };
		3B3F40461FDF5BBC00A2C324 /* News+CoreDataProperties.swift in Sources */ = {isa = PBXBuildFile; fileRef = 3B3F40441FDF5BBC00A2C324 /* News+CoreDataProperties.swift */; };
		3B3F40471FDF5BCD00A2C324 /* News+CoreDataClass.swift in Sources */ = {isa = PBXBuildFile; fileRef = 3B3F40431FDF5BBC00A2C324 /* News+CoreDataClass.swift */; };
		3B3F40481FDF5BCD00A2C324 /* News+CoreDataProperties.swift in Sources */ = {isa = PBXBuildFile; fileRef = 3B3F40441FDF5BBC00A2C324 /* News+CoreDataProperties.swift */; };
		3B3F404A1FDF5CF600A2C324 /* NewsManager.swift in Sources */ = {isa = PBXBuildFile; fileRef = 3B3F40491FDF5CF600A2C324 /* NewsManager.swift */; };
		3B3F404B1FDF5CF600A2C324 /* NewsManager.swift in Sources */ = {isa = PBXBuildFile; fileRef = 3B3F40491FDF5CF600A2C324 /* NewsManager.swift */; };
		3B3F404D1FDF5D1E00A2C324 /* ManagerProvider.swift in Sources */ = {isa = PBXBuildFile; fileRef = 3B3F404C1FDF5D1E00A2C324 /* ManagerProvider.swift */; };
		3B3F404E1FDF5D1E00A2C324 /* ManagerProvider.swift in Sources */ = {isa = PBXBuildFile; fileRef = 3B3F404C1FDF5D1E00A2C324 /* ManagerProvider.swift */; };
		3B77291F1FDEDD4B00CEC193 /* AppDelegate.swift in Sources */ = {isa = PBXBuildFile; fileRef = 3B77291E1FDEDD4B00CEC193 /* AppDelegate.swift */; };
		3B7729241FDEDD4B00CEC193 /* Main.storyboard in Resources */ = {isa = PBXBuildFile; fileRef = 3B7729221FDEDD4B00CEC193 /* Main.storyboard */; };
		3B7729291FDEDD4B00CEC193 /* Assets.xcassets in Resources */ = {isa = PBXBuildFile; fileRef = 3B7729281FDEDD4B00CEC193 /* Assets.xcassets */; };
		3B77292C1FDEDD4B00CEC193 /* LaunchScreen.storyboard in Resources */ = {isa = PBXBuildFile; fileRef = 3B77292A1FDEDD4B00CEC193 /* LaunchScreen.storyboard */; };
		3B7729371FDEDD4B00CEC193 /* NewsTests.swift in Sources */ = {isa = PBXBuildFile; fileRef = 3B7729361FDEDD4B00CEC193 /* NewsTests.swift */; };
		3B7729431FDEE24F00CEC193 /* MainViewController.swift in Sources */ = {isa = PBXBuildFile; fileRef = 3B7729421FDEE24F00CEC193 /* MainViewController.swift */; };
		3B7729441FDEE24F00CEC193 /* MainViewController.swift in Sources */ = {isa = PBXBuildFile; fileRef = 3B7729421FDEE24F00CEC193 /* MainViewController.swift */; };
		3B77294A1FDEE40800CEC193 /* newsapi.org.cer in Resources */ = {isa = PBXBuildFile; fileRef = 3B7729491FDEE40800CEC193 /* newsapi.org.cer */; };
		3B77294B1FDEE40800CEC193 /* newsapi.org.cer in Resources */ = {isa = PBXBuildFile; fileRef = 3B7729491FDEE40800CEC193 /* newsapi.org.cer */; };
		3B77294D1FDEE43100CEC193 /* NetworkServiceManager.swift in Sources */ = {isa = PBXBuildFile; fileRef = 3B77294C1FDEE43100CEC193 /* NetworkServiceManager.swift */; };
		3B77294E1FDEE43100CEC193 /* NetworkServiceManager.swift in Sources */ = {isa = PBXBuildFile; fileRef = 3B77294C1FDEE43100CEC193 /* NetworkServiceManager.swift */; };
		3B7729551FDEE51400CEC193 /* Alamofire.framework in Frameworks */ = {isa = PBXBuildFile; fileRef = 3B7729511FDEE51400CEC193 /* Alamofire.framework */; };
		3B7729561FDEE51400CEC193 /* Kingfisher.framework in Frameworks */ = {isa = PBXBuildFile; fileRef = 3B7729521FDEE51400CEC193 /* Kingfisher.framework */; };
		3B7729571FDEE51400CEC193 /* RxSwift.framework in Frameworks */ = {isa = PBXBuildFile; fileRef = 3B7729531FDEE51400CEC193 /* RxSwift.framework */; };
		3B7729581FDEE51400CEC193 /* RxCocoa.framework in Frameworks */ = {isa = PBXBuildFile; fileRef = 3B7729541FDEE51400CEC193 /* RxCocoa.framework */; };
		3B77295A1FDEE52C00CEC193 /* CoreData.framework in Frameworks */ = {isa = PBXBuildFile; fileRef = 3B7729591FDEE52C00CEC193 /* CoreData.framework */; };
		3B77295C1FDEE57800CEC193 /* Resource.swift in Sources */ = {isa = PBXBuildFile; fileRef = 3B77295B1FDEE57800CEC193 /* Resource.swift */; };
		3B77295D1FDEE57800CEC193 /* Resource.swift in Sources */ = {isa = PBXBuildFile; fileRef = 3B77295B1FDEE57800CEC193 /* Resource.swift */; };
		3B7729661FDEE72F00CEC193 /* News.swift in Sources */ = {isa = PBXBuildFile; fileRef = 3B7729651FDEE72F00CEC193 /* News.swift */; };
		3B7729671FDEE72F00CEC193 /* News.swift in Sources */ = {isa = PBXBuildFile; fileRef = 3B7729651FDEE72F00CEC193 /* News.swift */; };
		3B7729691FDEE77400CEC193 /* DataStack.swift in Sources */ = {isa = PBXBuildFile; fileRef = 3B7729681FDEE77400CEC193 /* DataStack.swift */; };
		3B77296A1FDEE77400CEC193 /* DataStack.swift in Sources */ = {isa = PBXBuildFile; fileRef = 3B7729681FDEE77400CEC193 /* DataStack.swift */; };
		3B77296C1FDEE7A500CEC193 /* DataManager.swift in Sources */ = {isa = PBXBuildFile; fileRef = 3B77296B1FDEE7A500CEC193 /* DataManager.swift */; };
		3B77296D1FDEE7A500CEC193 /* DataManager.swift in Sources */ = {isa = PBXBuildFile; fileRef = 3B77296B1FDEE7A500CEC193 /* DataManager.swift */; };
		3B7729801FDEEA7A00CEC193 /* SportNews.xcdatamodeld in Sources */ = {isa = PBXBuildFile; fileRef = 3B77297E1FDEEA7A00CEC193 /* SportNews.xcdatamodeld */; };
/* End PBXBuildFile section */

/* Begin PBXContainerItemProxy section */
		3B7729331FDEDD4B00CEC193 /* PBXContainerItemProxy */ = {
			isa = PBXContainerItemProxy;
			containerPortal = 3B7729131FDEDD4B00CEC193 /* Project object */;
			proxyType = 1;
			remoteGlobalIDString = 3B77291A1FDEDD4B00CEC193;
			remoteInfo = News;
		};
/* End PBXContainerItemProxy section */

/* Begin PBXFileReference section */
		3B251D6C1FE00DA00031763E /* MainViewModel.swift */ = {isa = PBXFileReference; lastKnownFileType = sourcecode.swift; path = MainViewModel.swift; sourceTree = "<group>"; };
		3B251D6E1FE00DCF0031763E /* NewsViewModel.swift */ = {isa = PBXFileReference; lastKnownFileType = sourcecode.swift; path = NewsViewModel.swift; sourceTree = "<group>"; };
		3B251D701FE00E0D0031763E /* NewsCell.swift */ = {isa = PBXFileReference; lastKnownFileType = sourcecode.swift; path = NewsCell.swift; sourceTree = "<group>"; };
		3B251D731FE0102C0031763E /* UIViewController.swift */ = {isa = PBXFileReference; lastKnownFileType = sourcecode.swift; path = UIViewController.swift; sourceTree = "<group>"; };
		3B3F40431FDF5BBC00A2C324 /* News+CoreDataClass.swift */ = {isa = PBXFileReference; lastKnownFileType = sourcecode.swift; path = "News+CoreDataClass.swift"; sourceTree = "<group>"; };
		3B3F40441FDF5BBC00A2C324 /* News+CoreDataProperties.swift */ = {isa = PBXFileReference; lastKnownFileType = sourcecode.swift; path = "News+CoreDataProperties.swift"; sourceTree = "<group>"; };
		3B3F40491FDF5CF600A2C324 /* NewsManager.swift */ = {isa = PBXFileReference; lastKnownFileType = sourcecode.swift; path = NewsManager.swift; sourceTree = "<group>"; };
		3B3F404C1FDF5D1E00A2C324 /* ManagerProvider.swift */ = {isa = PBXFileReference; lastKnownFileType = sourcecode.swift; path = ManagerProvider.swift; sourceTree = "<group>"; };
		3B77291B1FDEDD4B00CEC193 /* News.app */ = {isa = PBXFileReference; explicitFileType = wrapper.application; includeInIndex = 0; path = News.app; sourceTree = BUILT_PRODUCTS_DIR; };
		3B77291E1FDEDD4B00CEC193 /* AppDelegate.swift */ = {isa = PBXFileReference; lastKnownFileType = sourcecode.swift; path = AppDelegate.swift; sourceTree = "<group>"; };
		3B7729231FDEDD4B00CEC193 /* Base */ = {isa = PBXFileReference; lastKnownFileType = file.storyboard; name = Base; path = Base.lproj/Main.storyboard; sourceTree = "<group>"; };
		3B7729281FDEDD4B00CEC193 /* Assets.xcassets */ = {isa = PBXFileReference; lastKnownFileType = folder.assetcatalog; path = Assets.xcassets; sourceTree = "<group>"; };
		3B77292B1FDEDD4B00CEC193 /* Base */ = {isa = PBXFileReference; lastKnownFileType = file.storyboard; name = Base; path = Base.lproj/LaunchScreen.storyboard; sourceTree = "<group>"; };
		3B77292D1FDEDD4B00CEC193 /* Info.plist */ = {isa = PBXFileReference; lastKnownFileType = text.plist.xml; path = Info.plist; sourceTree = "<group>"; };
		3B7729321FDEDD4B00CEC193 /* NewsTests.xctest */ = {isa = PBXFileReference; explicitFileType = wrapper.cfbundle; includeInIndex = 0; path = NewsTests.xctest; sourceTree = BUILT_PRODUCTS_DIR; };
		3B7729361FDEDD4B00CEC193 /* NewsTests.swift */ = {isa = PBXFileReference; lastKnownFileType = sourcecode.swift; path = NewsTests.swift; sourceTree = "<group>"; };
		3B7729381FDEDD4B00CEC193 /* Info.plist */ = {isa = PBXFileReference; lastKnownFileType = text.plist.xml; path = Info.plist; sourceTree = "<group>"; };
		3B7729421FDEE24F00CEC193 /* MainViewController.swift */ = {isa = PBXFileReference; lastKnownFileType = sourcecode.swift; path = MainViewController.swift; sourceTree = "<group>"; };
		3B7729491FDEE40800CEC193 /* newsapi.org.cer */ = {isa = PBXFileReference; lastKnownFileType = file; path = newsapi.org.cer; sourceTree = "<group>"; };
		3B77294C1FDEE43100CEC193 /* NetworkServiceManager.swift */ = {isa = PBXFileReference; lastKnownFileType = sourcecode.swift; path = NetworkServiceManager.swift; sourceTree = "<group>"; };
		3B7729511FDEE51400CEC193 /* Alamofire.framework */ = {isa = PBXFileReference; lastKnownFileType = wrapper.framework; name = Alamofire.framework; path = Carthage/Build/iOS/Alamofire.framework; sourceTree = "<group>"; };
		3B7729521FDEE51400CEC193 /* Kingfisher.framework */ = {isa = PBXFileReference; lastKnownFileType = wrapper.framework; name = Kingfisher.framework; path = Carthage/Build/iOS/Kingfisher.framework; sourceTree = "<group>"; };
		3B7729531FDEE51400CEC193 /* RxSwift.framework */ = {isa = PBXFileReference; lastKnownFileType = wrapper.framework; name = RxSwift.framework; path = Carthage/Build/iOS/RxSwift.framework; sourceTree = "<group>"; };
		3B7729541FDEE51400CEC193 /* RxCocoa.framework */ = {isa = PBXFileReference; lastKnownFileType = wrapper.framework; name = RxCocoa.framework; path = Carthage/Build/iOS/RxCocoa.framework; sourceTree = "<group>"; };
		3B7729591FDEE52C00CEC193 /* CoreData.framework */ = {isa = PBXFileReference; lastKnownFileType = wrapper.framework; name = CoreData.framework; path = System/Library/Frameworks/CoreData.framework; sourceTree = SDKROOT; };
		3B77295B1FDEE57800CEC193 /* Resource.swift */ = {isa = PBXFileReference; lastKnownFileType = sourcecode.swift; path = Resource.swift; sourceTree = "<group>"; };
		3B7729651FDEE72F00CEC193 /* News.swift */ = {isa = PBXFileReference; lastKnownFileType = sourcecode.swift; path = News.swift; sourceTree = "<group>"; };
		3B7729681FDEE77400CEC193 /* DataStack.swift */ = {isa = PBXFileReference; lastKnownFileType = sourcecode.swift; path = DataStack.swift; sourceTree = "<group>"; };
		3B77296B1FDEE7A500CEC193 /* DataManager.swift */ = {isa = PBXFileReference; lastKnownFileType = sourcecode.swift; path = DataManager.swift; sourceTree = "<group>"; };
		3B77297F1FDEEA7A00CEC193 /* SportNews.xcdatamodel */ = {isa = PBXFileReference; lastKnownFileType = wrapper.xcdatamodel; path = SportNews.xcdatamodel; sourceTree = "<group>"; };
/* End PBXFileReference section */

/* Begin PBXFrameworksBuildPhase section */
		3B7729181FDEDD4B00CEC193 /* Frameworks */ = {
			isa = PBXFrameworksBuildPhase;
			buildActionMask = 2147483647;
			files = (
				3B77295A1FDEE52C00CEC193 /* CoreData.framework in Frameworks */,
				3B7729551FDEE51400CEC193 /* Alamofire.framework in Frameworks */,
				3B7729561FDEE51400CEC193 /* Kingfisher.framework in Frameworks */,
				3B7729571FDEE51400CEC193 /* RxSwift.framework in Frameworks */,
				3B7729581FDEE51400CEC193 /* RxCocoa.framework in Frameworks */,
			);
			runOnlyForDeploymentPostprocessing = 0;
		};
		3B77292F1FDEDD4B00CEC193 /* Frameworks */ = {
			isa = PBXFrameworksBuildPhase;
			buildActionMask = 2147483647;
			files = (
			);
			runOnlyForDeploymentPostprocessing = 0;
		};
/* End PBXFrameworksBuildPhase section */

/* Begin PBXGroup section */
		3B251D721FE010160031763E /* Extensions */ = {
			isa = PBXGroup;
			children = (
				3B251D731FE0102C0031763E /* UIViewController.swift */,
			);
			path = Extensions;
			sourceTree = "<group>";
		};
		3B7729121FDEDD4B00CEC193 = {
			isa = PBXGroup;
			children = (
				3B77291D1FDEDD4B00CEC193 /* News */,
				3B7729351FDEDD4B00CEC193 /* NewsTests */,
				3B77291C1FDEDD4B00CEC193 /* Products */,
				3B7729501FDEE51400CEC193 /* Frameworks */,
			);
			sourceTree = "<group>";
		};
		3B77291C1FDEDD4B00CEC193 /* Products */ = {
			isa = PBXGroup;
			children = (
				3B77291B1FDEDD4B00CEC193 /* News.app */,
				3B7729321FDEDD4B00CEC193 /* NewsTests.xctest */,
			);
			name = Products;
			sourceTree = "<group>";
		};
		3B77291D1FDEDD4B00CEC193 /* News */ = {
			isa = PBXGroup;
			children = (
				3B251D721FE010160031763E /* Extensions */,
				3B7729481FDEE3F700CEC193 /* Certificates */,
				3B7729471FDEE3B400CEC193 /* Managers */,
				3B7729461FDEE3AE00CEC193 /* Models */,
				3B7729451FDEE3A400CEC193 /* ViewModels */,
				3B7729411FDEE1FC00CEC193 /* Views */,
				3B77291E1FDEDD4B00CEC193 /* AppDelegate.swift */,
				3B7729221FDEDD4B00CEC193 /* Main.storyboard */,
				3B7729281FDEDD4B00CEC193 /* Assets.xcassets */,
				3B77292A1FDEDD4B00CEC193 /* LaunchScreen.storyboard */,
				3B77292D1FDEDD4B00CEC193 /* Info.plist */,
			);
			path = News;
			sourceTree = "<group>";
		};
		3B7729351FDEDD4B00CEC193 /* NewsTests */ = {
			isa = PBXGroup;
			children = (
				3B7729361FDEDD4B00CEC193 /* NewsTests.swift */,
				3B7729381FDEDD4B00CEC193 /* Info.plist */,
			);
			path = NewsTests;
			sourceTree = "<group>";
		};
		3B7729411FDEE1FC00CEC193 /* Views */ = {
			isa = PBXGroup;
			children = (
				3B7729421FDEE24F00CEC193 /* MainViewController.swift */,
				3B251D701FE00E0D0031763E /* NewsCell.swift */,
			);
			path = Views;
			sourceTree = "<group>";
		};
		3B7729451FDEE3A400CEC193 /* ViewModels */ = {
			isa = PBXGroup;
			children = (
				3B251D6C1FE00DA00031763E /* MainViewModel.swift */,
				3B251D6E1FE00DCF0031763E /* NewsViewModel.swift */,
			);
			path = ViewModels;
			sourceTree = "<group>";
		};
		3B7729461FDEE3AE00CEC193 /* Models */ = {
			isa = PBXGroup;
			children = (
				3B77295E1FDEE6CC00CEC193 /* CoreData */,
				3B77295B1FDEE57800CEC193 /* Resource.swift */,
				3B77297E1FDEEA7A00CEC193 /* SportNews.xcdatamodeld */,
			);
			path = Models;
			sourceTree = "<group>";
		};
		3B7729471FDEE3B400CEC193 /* Managers */ = {
			isa = PBXGroup;
			children = (
				3B77294C1FDEE43100CEC193 /* NetworkServiceManager.swift */,
				3B77296B1FDEE7A500CEC193 /* DataManager.swift */,
				3B3F40491FDF5CF600A2C324 /* NewsManager.swift */,
				3B3F404C1FDF5D1E00A2C324 /* ManagerProvider.swift */,
			);
			path = Managers;
			sourceTree = "<group>";
		};
		3B7729481FDEE3F700CEC193 /* Certificates */ = {
			isa = PBXGroup;
			children = (
				3B7729491FDEE40800CEC193 /* newsapi.org.cer */,
			);
			path = Certificates;
			sourceTree = "<group>";
		};
		3B7729501FDEE51400CEC193 /* Frameworks */ = {
			isa = PBXGroup;
			children = (
				3B7729591FDEE52C00CEC193 /* CoreData.framework */,
				3B7729511FDEE51400CEC193 /* Alamofire.framework */,
				3B7729521FDEE51400CEC193 /* Kingfisher.framework */,
				3B7729541FDEE51400CEC193 /* RxCocoa.framework */,
				3B7729531FDEE51400CEC193 /* RxSwift.framework */,
			);
			name = Frameworks;
			sourceTree = "<group>";
		};
		3B77295E1FDEE6CC00CEC193 /* CoreData */ = {
			isa = PBXGroup;
			children = (
				3B3F40431FDF5BBC00A2C324 /* News+CoreDataClass.swift */,
				3B3F40441FDF5BBC00A2C324 /* News+CoreDataProperties.swift */,
				3B7729651FDEE72F00CEC193 /* News.swift */,
				3B7729681FDEE77400CEC193 /* DataStack.swift */,
			);
			path = CoreData;
			sourceTree = "<group>";
		};
/* End PBXGroup section */

/* Begin PBXNativeTarget section */
		3B77291A1FDEDD4B00CEC193 /* News */ = {
			isa = PBXNativeTarget;
			buildConfigurationList = 3B77293B1FDEDD4B00CEC193 /* Build configuration list for PBXNativeTarget "News" */;
			buildPhases = (
				3B7729171FDEDD4B00CEC193 /* Sources */,
				3B7729181FDEDD4B00CEC193 /* Frameworks */,
				3B7729191FDEDD4B00CEC193 /* Resources */,
				3B77294F1FDEE48F00CEC193 /* Copy Carthage Frameworks */,
			);
			buildRules = (
			);
			dependencies = (
			);
			name = News;
			productName = News;
			productReference = 3B77291B1FDEDD4B00CEC193 /* News.app */;
			productType = "com.apple.product-type.application";
		};
		3B7729311FDEDD4B00CEC193 /* NewsTests */ = {
			isa = PBXNativeTarget;
			buildConfigurationList = 3B77293E1FDEDD4B00CEC193 /* Build configuration list for PBXNativeTarget "NewsTests" */;
			buildPhases = (
				3B77292E1FDEDD4B00CEC193 /* Sources */,
				3B77292F1FDEDD4B00CEC193 /* Frameworks */,
				3B7729301FDEDD4B00CEC193 /* Resources */,
			);
			buildRules = (
			);
			dependencies = (
				3B7729341FDEDD4B00CEC193 /* PBXTargetDependency */,
			);
			name = NewsTests;
			productName = NewsTests;
			productReference = 3B7729321FDEDD4B00CEC193 /* NewsTests.xctest */;
			productType = "com.apple.product-type.bundle.unit-test";
		};
/* End PBXNativeTarget section */

/* Begin PBXProject section */
		3B7729131FDEDD4B00CEC193 /* Project object */ = {
			isa = PBXProject;
			attributes = {
				LastSwiftUpdateCheck = 0920;
				LastUpgradeCheck = 0920;
				ORGANIZATIONNAME = com.vinguyen;
				TargetAttributes = {
					3B77291A1FDEDD4B00CEC193 = {
						CreatedOnToolsVersion = 9.2;
						ProvisioningStyle = Automatic;
					};
					3B7729311FDEDD4B00CEC193 = {
						CreatedOnToolsVersion = 9.2;
						ProvisioningStyle = Automatic;
						TestTargetID = 3B77291A1FDEDD4B00CEC193;
					};
				};
			};
			buildConfigurationList = 3B7729161FDEDD4B00CEC193 /* Build configuration list for PBXProject "News" */;
			compatibilityVersion = "Xcode 8.0";
			developmentRegion = en;
			hasScannedForEncodings = 0;
			knownRegions = (
				en,
				Base,
			);
			mainGroup = 3B7729121FDEDD4B00CEC193;
			productRefGroup = 3B77291C1FDEDD4B00CEC193 /* Products */;
			projectDirPath = "";
			projectRoot = "";
			targets = (
				3B77291A1FDEDD4B00CEC193 /* News */,
				3B7729311FDEDD4B00CEC193 /* NewsTests */,
			);
		};
/* End PBXProject section */

/* Begin PBXResourcesBuildPhase section */
		3B7729191FDEDD4B00CEC193 /* Resources */ = {
			isa = PBXResourcesBuildPhase;
			buildActionMask = 2147483647;
			files = (
				3B77294A1FDEE40800CEC193 /* newsapi.org.cer in Resources */,
				3B77292C1FDEDD4B00CEC193 /* LaunchScreen.storyboard in Resources */,
				3B7729291FDEDD4B00CEC193 /* Assets.xcassets in Resources */,
				3B7729241FDEDD4B00CEC193 /* Main.storyboard in Resources */,
			);
			runOnlyForDeploymentPostprocessing = 0;
		};
		3B7729301FDEDD4B00CEC193 /* Resources */ = {
			isa = PBXResourcesBuildPhase;
			buildActionMask = 2147483647;
			files = (
				3B77294B1FDEE40800CEC193 /* newsapi.org.cer in Resources */,
			);
			runOnlyForDeploymentPostprocessing = 0;
		};
/* End PBXResourcesBuildPhase section */

/* Begin PBXShellScriptBuildPhase section */
		3B77294F1FDEE48F00CEC193 /* Copy Carthage Frameworks */ = {
			isa = PBXShellScriptBuildPhase;
			buildActionMask = 2147483647;
			files = (
			);
			inputPaths = (
				"$(SRCROOT)/Carthage/Build/iOS/Alamofire.framework",
				"$(SRCROOT)/Carthage/Build/iOS/Kingfisher.framework",
				"$(SRCROOT)/Carthage/Build/iOS/RxSwift.framework",
				"$(SRCROOT)/Carthage/Build/iOS/RxCocoa.framework",
			);
			name = "Copy Carthage Frameworks";
			outputPaths = (
			);
			runOnlyForDeploymentPostprocessing = 0;
			shellPath = /bin/sh;
			shellScript = "/usr/local/bin/carthage copy-frameworks";
		};
/* End PBXShellScriptBuildPhase section */

/* Begin PBXSourcesBuildPhase section */
		3B7729171FDEDD4B00CEC193 /* Sources */ = {
			isa = PBXSourcesBuildPhase;
			buildActionMask = 2147483647;
			files = (
				3B77294D1FDEE43100CEC193 /* NetworkServiceManager.swift in Sources */,
				3B77296C1FDEE7A500CEC193 /* DataManager.swift in Sources */,
				3B3F404D1FDF5D1E00A2C324 /* ManagerProvider.swift in Sources */,
				3B3F404A1FDF5CF600A2C324 /* NewsManager.swift in Sources */,
				3B251D711FE00E0D0031763E /* NewsCell.swift in Sources */,
				3B3F40461FDF5BBC00A2C324 /* News+CoreDataProperties.swift in Sources */,
				3B251D6D1FE00DA00031763E /* MainViewModel.swift in Sources */,
				3B7729431FDEE24F00CEC193 /* MainViewController.swift in Sources */,
				3B7729801FDEEA7A00CEC193 /* SportNews.xcdatamodeld in Sources */,
				3B7729691FDEE77400CEC193 /* DataStack.swift in Sources */,
				3B7729661FDEE72F00CEC193 /* News.swift in Sources */,
				3B77295C1FDEE57800CEC193 /* Resource.swift in Sources */,
				3B251D6F1FE00DCF0031763E /* NewsViewModel.swift in Sources */,
				3B77291F1FDEDD4B00CEC193 /* AppDelegate.swift in Sources */,
				3B251D741FE0102C0031763E /* UIViewController.swift in Sources */,
				3B3F40451FDF5BBC00A2C324 /* News+CoreDataClass.swift in Sources */,
			);
			runOnlyForDeploymentPostprocessing = 0;
		};
		3B77292E1FDEDD4B00CEC193 /* Sources */ = {
			isa = PBXSourcesBuildPhase;
			buildActionMask = 2147483647;
			files = (
				3B7729371FDEDD4B00CEC193 /* NewsTests.swift in Sources */,
				3B77295D1FDEE57800CEC193 /* Resource.swift in Sources */,
				3B3F404B1FDF5CF600A2C324 /* NewsManager.swift in Sources */,
				3B77296A1FDEE77400CEC193 /* DataStack.swift in Sources */,
				3B3F404E1FDF5D1E00A2C324 /* ManagerProvider.swift in Sources */,
				3B7729441FDEE24F00CEC193 /* MainViewController.swift in Sources */,
				3B3F40481FDF5BCD00A2C324 /* News+CoreDataProperties.swift in Sources */,
				3B3F40471FDF5BCD00A2C324 /* News+CoreDataClass.swift in Sources */,
				3B7729671FDEE72F00CEC193 /* News.swift in Sources */,
				3B77296D1FDEE7A500CEC193 /* DataManager.swift in Sources */,
				3B77294E1FDEE43100CEC193 /* NetworkServiceManager.swift in Sources */,
			);
			runOnlyForDeploymentPostprocessing = 0;
		};
/* End PBXSourcesBuildPhase section */

/* Begin PBXTargetDependency section */
		3B7729341FDEDD4B00CEC193 /* PBXTargetDependency */ = {
			isa = PBXTargetDependency;
			target = 3B77291A1FDEDD4B00CEC193 /* News */;
			targetProxy = 3B7729331FDEDD4B00CEC193 /* PBXContainerItemProxy */;
		};
/* End PBXTargetDependency section */

/* Begin PBXVariantGroup section */
		3B7729221FDEDD4B00CEC193 /* Main.storyboard */ = {
			isa = PBXVariantGroup;
			children = (
				3B7729231FDEDD4B00CEC193 /* Base */,
			);
			name = Main.storyboard;
			sourceTree = "<group>";
		};
		3B77292A1FDEDD4B00CEC193 /* LaunchScreen.storyboard */ = {
			isa = PBXVariantGroup;
			children = (
				3B77292B1FDEDD4B00CEC193 /* Base */,
			);
			name = LaunchScreen.storyboard;
			sourceTree = "<group>";
		};
/* End PBXVariantGroup section */

/* Begin XCBuildConfiguration section */
		3B7729391FDEDD4B00CEC193 /* Debug */ = {
			isa = XCBuildConfiguration;
			buildSettings = {
				ALWAYS_SEARCH_USER_PATHS = NO;
				CLANG_ANALYZER_NONNULL = YES;
				CLANG_ANALYZER_NUMBER_OBJECT_CONVERSION = YES_AGGRESSIVE;
				CLANG_CXX_LANGUAGE_STANDARD = "gnu++14";
				CLANG_CXX_LIBRARY = "libc++";
				CLANG_ENABLE_MODULES = YES;
				CLANG_ENABLE_OBJC_ARC = YES;
				CLANG_WARN_BLOCK_CAPTURE_AUTORELEASING = YES;
				CLANG_WARN_BOOL_CONVERSION = YES;
				CLANG_WARN_COMMA = YES;
				CLANG_WARN_CONSTANT_CONVERSION = YES;
				CLANG_WARN_DIRECT_OBJC_ISA_USAGE = YES_ERROR;
				CLANG_WARN_DOCUMENTATION_COMMENTS = YES;
				CLANG_WARN_EMPTY_BODY = YES;
				CLANG_WARN_ENUM_CONVERSION = YES;
				CLANG_WARN_INFINITE_RECURSION = YES;
				CLANG_WARN_INT_CONVERSION = YES;
				CLANG_WARN_NON_LITERAL_NULL_CONVERSION = YES;
				CLANG_WARN_OBJC_LITERAL_CONVERSION = YES;
				CLANG_WARN_OBJC_ROOT_CLASS = YES_ERROR;
				CLANG_WARN_RANGE_LOOP_ANALYSIS = YES;
				CLANG_WARN_STRICT_PROTOTYPES = YES;
				CLANG_WARN_SUSPICIOUS_MOVE = YES;
				CLANG_WARN_UNGUARDED_AVAILABILITY = YES_AGGRESSIVE;
				CLANG_WARN_UNREACHABLE_CODE = YES;
				CLANG_WARN__DUPLICATE_METHOD_MATCH = YES;
				CODE_SIGN_IDENTITY = "iPhone Developer";
				COPY_PHASE_STRIP = NO;
				DEBUG_INFORMATION_FORMAT = dwarf;
				ENABLE_STRICT_OBJC_MSGSEND = YES;
				ENABLE_TESTABILITY = YES;
				GCC_C_LANGUAGE_STANDARD = gnu11;
				GCC_DYNAMIC_NO_PIC = NO;
				GCC_NO_COMMON_BLOCKS = YES;
				GCC_OPTIMIZATION_LEVEL = 0;
				GCC_PREPROCESSOR_DEFINITIONS = (
					"DEBUG=1",
					"$(inherited)",
				);
				GCC_WARN_64_TO_32_BIT_CONVERSION = YES;
				GCC_WARN_ABOUT_RETURN_TYPE = YES_ERROR;
				GCC_WARN_UNDECLARED_SELECTOR = YES;
				GCC_WARN_UNINITIALIZED_AUTOS = YES_AGGRESSIVE;
				GCC_WARN_UNUSED_FUNCTION = YES;
				GCC_WARN_UNUSED_VARIABLE = YES;
				IPHONEOS_DEPLOYMENT_TARGET = 11.2;
				MTL_ENABLE_DEBUG_INFO = YES;
				ONLY_ACTIVE_ARCH = YES;
				SDKROOT = iphoneos;
				SWIFT_ACTIVE_COMPILATION_CONDITIONS = DEBUG;
				SWIFT_OPTIMIZATION_LEVEL = "-Onone";
			};
			name = Debug;
		};
		3B77293A1FDEDD4B00CEC193 /* Release */ = {
			isa = XCBuildConfiguration;
			buildSettings = {
				ALWAYS_SEARCH_USER_PATHS = NO;
				CLANG_ANALYZER_NONNULL = YES;
				CLANG_ANALYZER_NUMBER_OBJECT_CONVERSION = YES_AGGRESSIVE;
				CLANG_CXX_LANGUAGE_STANDARD = "gnu++14";
				CLANG_CXX_LIBRARY = "libc++";
				CLANG_ENABLE_MODULES = YES;
				CLANG_ENABLE_OBJC_ARC = YES;
				CLANG_WARN_BLOCK_CAPTURE_AUTORELEASING = YES;
				CLANG_WARN_BOOL_CONVERSION = YES;
				CLANG_WARN_COMMA = YES;
				CLANG_WARN_CONSTANT_CONVERSION = YES;
				CLANG_WARN_DIRECT_OBJC_ISA_USAGE = YES_ERROR;
				CLANG_WARN_DOCUMENTATION_COMMENTS = YES;
				CLANG_WARN_EMPTY_BODY = YES;
				CLANG_WARN_ENUM_CONVERSION = YES;
				CLANG_WARN_INFINITE_RECURSION = YES;
				CLANG_WARN_INT_CONVERSION = YES;
				CLANG_WARN_NON_LITERAL_NULL_CONVERSION = YES;
				CLANG_WARN_OBJC_LITERAL_CONVERSION = YES;
				CLANG_WARN_OBJC_ROOT_CLASS = YES_ERROR;
				CLANG_WARN_RANGE_LOOP_ANALYSIS = YES;
				CLANG_WARN_STRICT_PROTOTYPES = YES;
				CLANG_WARN_SUSPICIOUS_MOVE = YES;
				CLANG_WARN_UNGUARDED_AVAILABILITY = YES_AGGRESSIVE;
				CLANG_WARN_UNREACHABLE_CODE = YES;
				CLANG_WARN__DUPLICATE_METHOD_MATCH = YES;
				CODE_SIGN_IDENTITY = "iPhone Developer";
				COPY_PHASE_STRIP = NO;
				DEBUG_INFORMATION_FORMAT = "dwarf-with-dsym";
				ENABLE_NS_ASSERTIONS = NO;
				ENABLE_STRICT_OBJC_MSGSEND = YES;
				GCC_C_LANGUAGE_STANDARD = gnu11;
				GCC_NO_COMMON_BLOCKS = YES;
				GCC_WARN_64_TO_32_BIT_CONVERSION = YES;
				GCC_WARN_ABOUT_RETURN_TYPE = YES_ERROR;
				GCC_WARN_UNDECLARED_SELECTOR = YES;
				GCC_WARN_UNINITIALIZED_AUTOS = YES_AGGRESSIVE;
				GCC_WARN_UNUSED_FUNCTION = YES;
				GCC_WARN_UNUSED_VARIABLE = YES;
				IPHONEOS_DEPLOYMENT_TARGET = 11.2;
				MTL_ENABLE_DEBUG_INFO = NO;
				SDKROOT = iphoneos;
				SWIFT_OPTIMIZATION_LEVEL = "-Owholemodule";
				VALIDATE_PRODUCT = YES;
			};
			name = Release;
		};
		3B77293C1FDEDD4B00CEC193 /* Debug */ = {
			isa = XCBuildConfiguration;
			buildSettings = {
				ASSETCATALOG_COMPILER_APPICON_NAME = AppIcon;
				CODE_SIGN_STYLE = Automatic;
				FRAMEWORK_SEARCH_PATHS = (
					"$(inherited)",
					"$(PROJECT_DIR)/Carthage/Build/iOS",
				);
				INFOPLIST_FILE = News/Info.plist;
				IPHONEOS_DEPLOYMENT_TARGET = 10.0;
				LD_RUNPATH_SEARCH_PATHS = "$(inherited) @executable_path/Frameworks";
				PRODUCT_BUNDLE_IDENTIFIER = com.vinguyen.News;
				PRODUCT_NAME = "$(TARGET_NAME)";
				SWIFT_VERSION = 4.0;
				TARGETED_DEVICE_FAMILY = 1;
			};
			name = Debug;
		};
		3B77293D1FDEDD4B00CEC193 /* Release */ = {
			isa = XCBuildConfiguration;
			buildSettings = {
				ASSETCATALOG_COMPILER_APPICON_NAME = AppIcon;
				CODE_SIGN_STYLE = Automatic;
				FRAMEWORK_SEARCH_PATHS = (
					"$(inherited)",
					"$(PROJECT_DIR)/Carthage/Build/iOS",
				);
				INFOPLIST_FILE = News/Info.plist;
				IPHONEOS_DEPLOYMENT_TARGET = 10.0;
				LD_RUNPATH_SEARCH_PATHS = "$(inherited) @executable_path/Frameworks";
				PRODUCT_BUNDLE_IDENTIFIER = com.vinguyen.News;
				PRODUCT_NAME = "$(TARGET_NAME)";
				SWIFT_VERSION = 4.0;
				TARGETED_DEVICE_FAMILY = 1;
			};
			name = Release;
		};
		3B77293F1FDEDD4B00CEC193 /* Debug */ = {
			isa = XCBuildConfiguration;
			buildSettings = {
				ALWAYS_EMBED_SWIFT_STANDARD_LIBRARIES = YES;
				BUNDLE_LOADER = "$(TEST_HOST)";
				CODE_SIGN_STYLE = Automatic;
				INFOPLIST_FILE = NewsTests/Info.plist;
				LD_RUNPATH_SEARCH_PATHS = "$(inherited) @executable_path/Frameworks @loader_path/Frameworks";
				PRODUCT_BUNDLE_IDENTIFIER = com.vinguyen.NewsTests;
				PRODUCT_NAME = "$(TARGET_NAME)";
				SWIFT_VERSION = 4.0;
				TARGETED_DEVICE_FAMILY = "1,2";
				TEST_HOST = "$(BUILT_PRODUCTS_DIR)/News.app/News";
			};
			name = Debug;
		};
		3B7729401FDEDD4B00CEC193 /* Release */ = {
			isa = XCBuildConfiguration;
			buildSettings = {
				ALWAYS_EMBED_SWIFT_STANDARD_LIBRARIES = YES;
				BUNDLE_LOADER = "$(TEST_HOST)";
				CODE_SIGN_STYLE = Automatic;
				INFOPLIST_FILE = NewsTests/Info.plist;
				LD_RUNPATH_SEARCH_PATHS = "$(inherited) @executable_path/Frameworks @loader_path/Frameworks";
				PRODUCT_BUNDLE_IDENTIFIER = com.vinguyen.NewsTests;
				PRODUCT_NAME = "$(TARGET_NAME)";
				SWIFT_VERSION = 4.0;
				TARGETED_DEVICE_FAMILY = "1,2";
				TEST_HOST = "$(BUILT_PRODUCTS_DIR)/News.app/News";
			};
			name = Release;
		};
/* End XCBuildConfiguration section */

/* Begin XCConfigurationList section */
		3B7729161FDEDD4B00CEC193 /* Build configuration list for PBXProject "News" */ = {
			isa = XCConfigurationList;
			buildConfigurations = (
				3B7729391FDEDD4B00CEC193 /* Debug */,
				3B77293A1FDEDD4B00CEC193 /* Release */,
			);
			defaultConfigurationIsVisible = 0;
			defaultConfigurationName = Release;
		};
		3B77293B1FDEDD4B00CEC193 /* Build configuration list for PBXNativeTarget "News" */ = {
			isa = XCConfigurationList;
			buildConfigurations = (
				3B77293C1FDEDD4B00CEC193 /* Debug */,
				3B77293D1FDEDD4B00CEC193 /* Release */,
			);
			defaultConfigurationIsVisible = 0;
			defaultConfigurationName = Release;
		};
		3B77293E1FDEDD4B00CEC193 /* Build configuration list for PBXNativeTarget "NewsTests" */ = {
			isa = XCConfigurationList;
			buildConfigurations = (
				3B77293F1FDEDD4B00CEC193 /* Debug */,
				3B7729401FDEDD4B00CEC193 /* Release */,
			);
			defaultConfigurationIsVisible = 0;
			defaultConfigurationName = Release;
		};
/* End XCConfigurationList section */

/* Begin XCVersionGroup section */
		3B77297E1FDEEA7A00CEC193 /* SportNews.xcdatamodeld */ = {
			isa = XCVersionGroup;
			children = (
				3B77297F1FDEEA7A00CEC193 /* SportNews.xcdatamodel */,
			);
			currentVersion = 3B77297F1FDEEA7A00CEC193 /* SportNews.xcdatamodel */;
			path = SportNews.xcdatamodeld;
			sourceTree = "<group>";
			versionGroupType = wrapper.xcdatamodel;
		};
/* End XCVersionGroup section */
	};
	rootObject = 3B7729131FDEDD4B00CEC193 /* Project object */;
}
